<Solution>
  <Project Path="WorkBoard.Application/WorkBoard.Application.csproj" />
  <Project Path="WorkBoard.Database/WorkBoard.Database.csproj" />
  <Project Path="WorkBoard.Domain/WorkBoard.Domain.csproj" />
  <Project Path="WorkBoard.Infrastructure/WorkBoard.Infrastructure.csproj" />
  <Project Path="WorkBoard.Persistence/WorkBoard.Persistence.csproj" />
  <Project Path="WorkBoard.Presentation/WorkBoard.Presentation.csproj" />
</Solution>
